
Microsoft Visual Studio Solution File, Format Version 12.00
# Visual Studio 15
VisualStudioVersion = 15.0.28307.421
MinimumVisualStudioVersion = 10.0.40219.1
Project("{FAE04EC0-301F-11D3-BF4B-00C04F79EFBC}") = "1760190-1760221-1760222-MiniProject-8-Puzzle", "1760190-1760221-1760222-MiniProject-8-Puzzle\1760190-1760221-1760222-MiniProject-8-Puzzle.csproj", "{481F4C09-69E1-402E-ADD0-1DC9292AF0AC}"
EndProject
Global
	GlobalSection(SolutionConfigurationPlatforms) = preSolution
		Debug|Any CPU = Debug|Any CPU
		Release|Any CPU = Release|Any CPU
	EndGlobalSection
	GlobalSection(ProjectConfigurationPlatforms) = postSolution
		{481F4C09-69E1-402E-ADD0-1DC9292AF0AC}.Debug|Any CPU.ActiveCfg = Debug|Any CPU
		{481F4C09-69E1-402E-ADD0-1DC9292AF0AC}.Debug|Any CPU.Build.0 = Debug|Any CPU
		{481F4C09-69E1-402E-ADD0-1DC9292AF0AC}.Release|Any CPU.ActiveCfg = Release|Any CPU
		{481F4C09-69E1-402E-ADD0-1DC9292AF0AC}.Release|Any CPU.Build.0 = Release|Any CPU
	EndGlobalSection
	GlobalSection(SolutionProperties) = preSolution
		HideSolutionNode = FALSE
	EndGlobalSection
	GlobalSection(ExtensibilityGlobals) = postSolution
		SolutionGuid = {422DD3DF-7509-46B9-8E55-65AB0F2C03F1}
	EndGlobalSection
EndGlobal
